<Solution>
  <Folder Name="/src/">
    <Project Path="src/LanChat.Core/LanChat.Core.csproj" />
    <Project Path="src/LanChat.Presentation/LanChat.Presentation.csproj" />
    <Project Path="src/LanChat.WinUI/LanChat.WinUI.csproj" />
  </Folder>
  <Folder Name="/tests/">
    <Project Path="tests/LanChat.Core.Tests/LanChat.Core.Tests.csproj" />
    <Project Path="tests/LanChat.Presentation.Tests/LanChat.Presentation.Tests.csproj" />
  </Folder>
</Solution>
